
Microsoft Visual Studio Solution File, Format Version 11.00
# Visual Studio 2010
Project("{FAE04EC0-301F-11D3-BF4B-00C04F79EFBC}") = "Workshop_Dec_2017", "Assembly-CSharp.csproj", "{72C6C65D-BDAB-7742-42F1-DADBB519AE1D}"
EndProject
Project("{FAE04EC0-301F-11D3-BF4B-00C04F79EFBC}") = "Workshop_Dec_2017", "Assembly-CSharp-Editor.csproj", "{087BE185-32C9-A774-F24B-0C30B15EC718}"
EndProject
Global
	GlobalSection(SolutionConfigurationPlatforms) = preSolution
		Debug|Any CPU = Debug|Any CPU
		Release|Any CPU = Release|Any CPU
	EndGlobalSection
	GlobalSection(ProjectConfigurationPlatforms) = postSolution
		{72C6C65D-BDAB-7742-42F1-DADBB519AE1D}.Debug|Any CPU.ActiveCfg = Debug|Any CPU
		{72C6C65D-BDAB-7742-42F1-DADBB519AE1D}.Debug|Any CPU.Build.0 = Debug|Any CPU
		{72C6C65D-BDAB-7742-42F1-DADBB519AE1D}.Release|Any CPU.ActiveCfg = Release|Any CPU
		{72C6C65D-BDAB-7742-42F1-DADBB519AE1D}.Release|Any CPU.Build.0 = Release|Any CPU
		{087BE185-32C9-A774-F24B-0C30B15EC718}.Debug|Any CPU.ActiveCfg = Debug|Any CPU
		{087BE185-32C9-A774-F24B-0C30B15EC718}.Debug|Any CPU.Build.0 = Debug|Any CPU
		{087BE185-32C9-A774-F24B-0C30B15EC718}.Release|Any CPU.ActiveCfg = Release|Any CPU
		{087BE185-32C9-A774-F24B-0C30B15EC718}.Release|Any CPU.Build.0 = Release|Any CPU
	EndGlobalSection
	GlobalSection(SolutionProperties) = preSolution
		HideSolutionNode = FALSE
	EndGlobalSection
	GlobalSection(MonoDevelopProperties) = preSolution
		StartupItem = Assembly-CSharp.csproj
	EndGlobalSection
EndGlobal
